
Microsoft Visual Studio Solution File, Format Version 12.00
# Visual Studio Version 16
VisualStudioVersion = 25.0.1705.0
MinimumVisualStudioVersion = 10.0.40219.1
Project("{FAE04EC0-301F-11D3-BF4B-00C04F79EFBC}") = "InterfacesExample2", "InterfacesExample2\InterfacesExample2.csproj", "{AA070CB2-8880-4846-82B0-BC0DC7C6167B}"
EndProject
Global
	GlobalSection(SolutionConfigurationPlatforms) = preSolution
		Debug|Any CPU = Debug|Any CPU
		Release|Any CPU = Release|Any CPU
	EndGlobalSection
	GlobalSection(ProjectConfigurationPlatforms) = postSolution
		{AA070CB2-8880-4846-82B0-BC0DC7C6167B}.Debug|Any CPU.ActiveCfg = Debug|Any CPU
		{AA070CB2-8880-4846-82B0-BC0DC7C6167B}.Debug|Any CPU.Build.0 = Debug|Any CPU
		{AA070CB2-8880-4846-82B0-BC0DC7C6167B}.Release|Any CPU.ActiveCfg = Release|Any CPU
		{AA070CB2-8880-4846-82B0-BC0DC7C6167B}.Release|Any CPU.Build.0 = Release|Any CPU
	EndGlobalSection
	GlobalSection(SolutionProperties) = preSolution
		HideSolutionNode = FALSE
	EndGlobalSection
	GlobalSection(ExtensibilityGlobals) = postSolution
		SolutionGuid = {FB6A7158-1A4D-4420-BDB6-98727398F7DC}
	EndGlobalSection
EndGlobal
